
Microsoft Visual Studio Solution File, Format Version 12.00
# Visual Studio 15
Project("{FAE04EC0-301F-11D3-BF4B-00C04F79EFBC}") = "Assembly-CSharp", "Assembly-CSharp.csproj", "{4CFF7608-D886-BE7B-C083-518473D7D7DC}"
EndProject
Project("{FAE04EC0-301F-11D3-BF4B-00C04F79EFBC}") = "Assembly-CSharp-Editor", "Assembly-CSharp-Editor.csproj", "{E1199B03-8F7B-CA0B-7A93-9CB241EAD4EA}"
EndProject
Global
	GlobalSection(SolutionConfigurationPlatforms) = preSolution
		Debug|Any CPU = Debug|Any CPU
		Release|Any CPU = Release|Any CPU
	EndGlobalSection
	GlobalSection(ProjectConfigurationPlatforms) = postSolution
		{4CFF7608-D886-BE7B-C083-518473D7D7DC}.Debug|Any CPU.ActiveCfg = Debug|Any CPU
		{4CFF7608-D886-BE7B-C083-518473D7D7DC}.Debug|Any CPU.Build.0 = Debug|Any CPU
		{4CFF7608-D886-BE7B-C083-518473D7D7DC}.Release|Any CPU.ActiveCfg = Release|Any CPU
		{4CFF7608-D886-BE7B-C083-518473D7D7DC}.Release|Any CPU.Build.0 = Release|Any CPU
		{E1199B03-8F7B-CA0B-7A93-9CB241EAD4EA}.Debug|Any CPU.ActiveCfg = Debug|Any CPU
		{E1199B03-8F7B-CA0B-7A93-9CB241EAD4EA}.Debug|Any CPU.Build.0 = Debug|Any CPU
		{E1199B03-8F7B-CA0B-7A93-9CB241EAD4EA}.Release|Any CPU.ActiveCfg = Release|Any CPU
		{E1199B03-8F7B-CA0B-7A93-9CB241EAD4EA}.Release|Any CPU.Build.0 = Release|Any CPU
	EndGlobalSection
	GlobalSection(SolutionProperties) = preSolution
		HideSolutionNode = FALSE
	EndGlobalSection
EndGlobal
